
Microsoft Visual Studio Solution File, Format Version 12.00
# Visual Studio 15
VisualStudioVersion = 15.0.27428.2015
MinimumVisualStudioVersion = 10.0.40219.1
Project("{888888A0-9F3D-457C-B088-3A5042F75D52}") = "DemoPythonAAD-ADAL", "DemoPythonAAD-ADAL.pyproj", "{0DACE39D-9472-413D-8EB3-3D0BA7726C10}"
EndProject
Global
	GlobalSection(SolutionConfigurationPlatforms) = preSolution
		Debug|Any CPU = Debug|Any CPU
		Release|Any CPU = Release|Any CPU
	EndGlobalSection
	GlobalSection(ProjectConfigurationPlatforms) = postSolution
		{0DACE39D-9472-413D-8EB3-3D0BA7726C10}.Debug|Any CPU.ActiveCfg = Debug|Any CPU
		{0DACE39D-9472-413D-8EB3-3D0BA7726C10}.Release|Any CPU.ActiveCfg = Release|Any CPU
	EndGlobalSection
	GlobalSection(SolutionProperties) = preSolution
		HideSolutionNode = FALSE
	EndGlobalSection
	GlobalSection(ExtensibilityGlobals) = postSolution
		SolutionGuid = {190854A1-8E6D-4148-BDB7-48BD4660A822}
	EndGlobalSection
EndGlobal
