{
  "name": "purejs",
  "version": "1.0.0",
  "lockfileVersion": 1,
  "requires": true,
  "dependencies": {
    "adal-angular": {
      "version": "1.0.17",
      "resolved": "https://registry.npmjs.org/adal-angular/-/adal-angular-1.0.17.tgz",
      "integrity": "sha1-bpNuDkH5HTsqiOf/ypwvb29WLMQ="
    }
  }
}
